
Microsoft Visual Studio Solution File, Format Version 12.00
# Visual Studio Version 16
VisualStudioVersion = 16.0.31410.357
MinimumVisualStudioVersion = 10.0.40219.1
Project("{FAE04EC0-301F-11D3-BF4B-00C04F79EFBC}") = "RSA-Cryptool", "RSA-Cryptool\RSA-Cryptool.csproj", "{BAB51014-9DAF-4AA4-AE77-619B3697C97C}"
EndProject
Global
	GlobalSection(SolutionConfigurationPlatforms) = preSolution
		Debug|Any CPU = Debug|Any CPU
		Release|Any CPU = Release|Any CPU
	EndGlobalSection
	GlobalSection(ProjectConfigurationPlatforms) = postSolution
		{BAB51014-9DAF-4AA4-AE77-619B3697C97C}.Debug|Any CPU.ActiveCfg = Debug|Any CPU
		{BAB51014-9DAF-4AA4-AE77-619B3697C97C}.Debug|Any CPU.Build.0 = Debug|Any CPU
		{BAB51014-9DAF-4AA4-AE77-619B3697C97C}.Release|Any CPU.ActiveCfg = Release|Any CPU
		{BAB51014-9DAF-4AA4-AE77-619B3697C97C}.Release|Any CPU.Build.0 = Release|Any CPU
	EndGlobalSection
	GlobalSection(SolutionProperties) = preSolution
		HideSolutionNode = FALSE
	EndGlobalSection
	GlobalSection(ExtensibilityGlobals) = postSolution
		SolutionGuid = {16050ACE-EBE0-4A49-B9CE-615EBB06B40F}
	EndGlobalSection
EndGlobal
